
Microsoft Visual Studio Solution File, Format Version 12.00
# Visual Studio Version 17
VisualStudioVersion = 17.2.32616.157
MinimumVisualStudioVersion = 10.0.40219.1
Project("{FAE04EC0-301F-11D3-BF4B-00C04F79EFBC}") = "WebApplication3", "WebApplication3\WebApplication3.csproj", "{0E563877-B119-4B63-90E4-CC4F32ACAB3B}"
EndProject
Global
	GlobalSection(SolutionConfigurationPlatforms) = preSolution
		Debug|Any CPU = Debug|Any CPU
		Release|Any CPU = Release|Any CPU
	EndGlobalSection
	GlobalSection(ProjectConfigurationPlatforms) = postSolution
		{0E563877-B119-4B63-90E4-CC4F32ACAB3B}.Debug|Any CPU.ActiveCfg = Debug|Any CPU
		{0E563877-B119-4B63-90E4-CC4F32ACAB3B}.Debug|Any CPU.Build.0 = Debug|Any CPU
		{0E563877-B119-4B63-90E4-CC4F32ACAB3B}.Release|Any CPU.ActiveCfg = Release|Any CPU
		{0E563877-B119-4B63-90E4-CC4F32ACAB3B}.Release|Any CPU.Build.0 = Release|Any CPU
	EndGlobalSection
	GlobalSection(SolutionProperties) = preSolution
		HideSolutionNode = FALSE
	EndGlobalSection
	GlobalSection(ExtensibilityGlobals) = postSolution
		SolutionGuid = {74EB37C7-258A-43FD-A0FB-8BE9065507AE}
	EndGlobalSection
EndGlobal
